
Microsoft Visual Studio Solution File, Format Version 12.00
# Visual Studio Version 17
VisualStudioVersion = 17.9.34622.214
MinimumVisualStudioVersion = 10.0.40219.1
Project("{E24C65DC-7377-472B-9ABA-BC803B73C61A}") = "Capstons_cpanel", ".", "{3E95ED99-DF9D-455C-A7C5-C2DE8C1A7AC8}"
	ProjectSection(WebsiteProperties) = preProject
		TargetFrameworkMoniker = ".NETFramework,Version%3Dv4.7.2"
		Debug.AspNetCompiler.VirtualPath = "/localhost_51488"
		Debug.AspNetCompiler.PhysicalPath = "..\Capstons_cpanel\"
		Debug.AspNetCompiler.TargetPath = "PrecompiledWeb\localhost_51488\"
		Debug.AspNetCompiler.Updateable = "true"
		Debug.AspNetCompiler.ForceOverwrite = "true"
		Debug.AspNetCompiler.FixedNames = "false"
		Debug.AspNetCompiler.Debug = "True"
		Release.AspNetCompiler.VirtualPath = "/localhost_51488"
		Release.AspNetCompiler.PhysicalPath = "..\Capstons_cpanel\"
		Release.AspNetCompiler.TargetPath = "PrecompiledWeb\localhost_51488\"
		Release.AspNetCompiler.Updateable = "true"
		Release.AspNetCompiler.ForceOverwrite = "true"
		Release.AspNetCompiler.FixedNames = "false"
		Release.AspNetCompiler.Debug = "False"
		VWDPort = "51488"
		SlnRelativePath = "..\Capstons_cpanel\"
		DefaultWebSiteLanguage = "Visual C#"
	EndProjectSection
EndProject
Global
	GlobalSection(SolutionConfigurationPlatforms) = preSolution
		Debug|Any CPU = Debug|Any CPU
	EndGlobalSection
	GlobalSection(ProjectConfigurationPlatforms) = postSolution
		{3E95ED99-DF9D-455C-A7C5-C2DE8C1A7AC8}.Debug|Any CPU.ActiveCfg = Debug|Any CPU
		{3E95ED99-DF9D-455C-A7C5-C2DE8C1A7AC8}.Debug|Any CPU.Build.0 = Debug|Any CPU
	EndGlobalSection
	GlobalSection(SolutionProperties) = preSolution
		HideSolutionNode = FALSE
	EndGlobalSection
	GlobalSection(ExtensibilityGlobals) = postSolution
		SolutionGuid = {93612D42-1F85-42AD-9DBE-B75656E73313}
	EndGlobalSection
EndGlobal
